
Microsoft Visual Studio Solution File, Format Version 12.00
# Visual Studio Version 18
VisualStudioVersion = 18.3.11206.111
MinimumVisualStudioVersion = 10.0.40219.1
Project("{9A19103F-16F7-4668-BE54-9A1E7A4F7556}") = "Rnwood.Dataverse.Data.PowerShell.Cmdlets", "Rnwood.Dataverse.Data.PowerShell.Cmdlets\Rnwood.Dataverse.Data.PowerShell.Cmdlets.csproj", "{9400808A-07CC-4F90-8D5C-555C8051400C}"
EndProject
Project("{FAE04EC0-301F-11D3-BF4B-00C04F79EFBC}") = "Rnwood.Dataverse.Data.PowerShell", "Rnwood.Dataverse.Data.PowerShell\Rnwood.Dataverse.Data.PowerShell.csproj", "{793CE90C-21FA-4FC6-BDF3-73659BC6FEC0}"
EndProject
Project("{FAE04EC0-301F-11D3-BF4B-00C04F79EFBC}") = "Rnwood.Dataverse.Data.PowerShell.Loader", "Rnwood.Dataverse.Data.PowerShell.Loader\Rnwood.Dataverse.Data.PowerShell.Loader.csproj", "{F3475B7F-41E7-4718-85D8-37D0E43CC6EB}"
EndProject
Project("{FAE04EC0-301F-11D3-BF4B-00C04F79EFBC}") = "Rnwood.Dataverse.Data.PowerShell.XrmToolboxPlugin", "Rnwood.Dataverse.Data.PowerShell.XrmToolboxPlugin\Rnwood.Dataverse.Data.PowerShell.XrmToolboxPlugin.csproj", "{518B064A-68EB-4C75-9CD0-84B17327EB1D}"
EndProject
Project("{FAE04EC0-301F-11D3-BF4B-00C04F79EFBC}") = "Rnwood.Dataverse.Data.PowerShell.XrmToolboxPluginLoader", "Rnwood.Dataverse.Data.PowerShell.XrmToolboxPluginLoader\Rnwood.Dataverse.Data.PowerShell.XrmToolboxPluginLoader.csproj", "{4550A4F5-EC36-D116-8E36-48C9A0FAAD82}"
EndProject
Project("{FAE04EC0-301F-11D3-BF4B-00C04F79EFBC}") = "Rnwood.Dataverse.Data.PowerShell.Analyzers", "Rnwood.Dataverse.Data.PowerShell.Analyzers\Rnwood.Dataverse.Data.PowerShell.Analyzers.csproj", "{A376AC11-FD6F-4E89-A318-0CE771BFCB0E}"
EndProject
Global
	GlobalSection(SolutionConfigurationPlatforms) = preSolution
		Debug|Any CPU = Debug|Any CPU
		Debug|x64 = Debug|x64
		Debug|x86 = Debug|x86
		Release|Any CPU = Release|Any CPU
		Release|x64 = Release|x64
		Release|x86 = Release|x86
	EndGlobalSection
	GlobalSection(ProjectConfigurationPlatforms) = postSolution
		{9400808A-07CC-4F90-8D5C-555C8051400C}.Debug|Any CPU.ActiveCfg = Debug|Any CPU
		{9400808A-07CC-4F90-8D5C-555C8051400C}.Debug|Any CPU.Build.0 = Debug|Any CPU
		{9400808A-07CC-4F90-8D5C-555C8051400C}.Debug|x64.ActiveCfg = Debug|Any CPU
		{9400808A-07CC-4F90-8D5C-555C8051400C}.Debug|x64.Build.0 = Debug|Any CPU
		{9400808A-07CC-4F90-8D5C-555C8051400C}.Debug|x86.ActiveCfg = Debug|Any CPU
		{9400808A-07CC-4F90-8D5C-555C8051400C}.Debug|x86.Build.0 = Debug|Any CPU
		{9400808A-07CC-4F90-8D5C-555C8051400C}.Release|Any CPU.ActiveCfg = Release|Any CPU
		{9400808A-07CC-4F90-8D5C-555C8051400C}.Release|Any CPU.Build.0 = Release|Any CPU
		{9400808A-07CC-4F90-8D5C-555C8051400C}.Release|x64.ActiveCfg = Release|Any CPU
		{9400808A-07CC-4F90-8D5C-555C8051400C}.Release|x64.Build.0 = Release|Any CPU
		{9400808A-07CC-4F90-8D5C-555C8051400C}.Release|x86.ActiveCfg = Release|Any CPU
		{9400808A-07CC-4F90-8D5C-555C8051400C}.Release|x86.Build.0 = Release|Any CPU
		{793CE90C-21FA-4FC6-BDF3-73659BC6FEC0}.Debug|Any CPU.ActiveCfg = Debug|Any CPU
		{793CE90C-21FA-4FC6-BDF3-73659BC6FEC0}.Debug|Any CPU.Build.0 = Debug|Any CPU
		{793CE90C-21FA-4FC6-BDF3-73659BC6FEC0}.Debug|x64.ActiveCfg = Debug|Any CPU
		{793CE90C-21FA-4FC6-BDF3-73659BC6FEC0}.Debug|x64.Build.0 = Debug|Any CPU
		{793CE90C-21FA-4FC6-BDF3-73659BC6FEC0}.Debug|x86.ActiveCfg = Debug|Any CPU
		{793CE90C-21FA-4FC6-BDF3-73659BC6FEC0}.Debug|x86.Build.0 = Debug|Any CPU
		{793CE90C-21FA-4FC6-BDF3-73659BC6FEC0}.Release|Any CPU.ActiveCfg = Release|Any CPU
		{793CE90C-21FA-4FC6-BDF3-73659BC6FEC0}.Release|Any CPU.Build.0 = Release|Any CPU
		{793CE90C-21FA-4FC6-BDF3-73659BC6FEC0}.Release|x64.ActiveCfg = Release|Any CPU
		{793CE90C-21FA-4FC6-BDF3-73659BC6FEC0}.Release|x64.Build.0 = Release|Any CPU
		{793CE90C-21FA-4FC6-BDF3-73659BC6FEC0}.Release|x86.ActiveCfg = Release|Any CPU
		{793CE90C-21FA-4FC6-BDF3-73659BC6FEC0}.Release|x86.Build.0 = Release|Any CPU
		{F3475B7F-41E7-4718-85D8-37D0E43CC6EB}.Debug|Any CPU.ActiveCfg = Debug|Any CPU
		{F3475B7F-41E7-4718-85D8-37D0E43CC6EB}.Debug|Any CPU.Build.0 = Debug|Any CPU
		{F3475B7F-41E7-4718-85D8-37D0E43CC6EB}.Debug|x64.ActiveCfg = Debug|Any CPU
		{F3475B7F-41E7-4718-85D8-37D0E43CC6EB}.Debug|x64.Build.0 = Debug|Any CPU
		{F3475B7F-41E7-4718-85D8-37D0E43CC6EB}.Debug|x86.ActiveCfg = Debug|Any CPU
		{F3475B7F-41E7-4718-85D8-37D0E43CC6EB}.Debug|x86.Build.0 = Debug|Any CPU
		{F3475B7F-41E7-4718-85D8-37D0E43CC6EB}.Release|Any CPU.ActiveCfg = Release|Any CPU
		{F3475B7F-41E7-4718-85D8-37D0E43CC6EB}.Release|Any CPU.Build.0 = Release|Any CPU
		{F3475B7F-41E7-4718-85D8-37D0E43CC6EB}.Release|x64.ActiveCfg = Release|Any CPU
		{F3475B7F-41E7-4718-85D8-37D0E43CC6EB}.Release|x64.Build.0 = Release|Any CPU
		{F3475B7F-41E7-4718-85D8-37D0E43CC6EB}.Release|x86.ActiveCfg = Release|Any CPU
		{F3475B7F-41E7-4718-85D8-37D0E43CC6EB}.Release|x86.Build.0 = Release|Any CPU
		{518B064A-68EB-4C75-9CD0-84B17327EB1D}.Debug|Any CPU.ActiveCfg = Debug|Any CPU
		{518B064A-68EB-4C75-9CD0-84B17327EB1D}.Debug|Any CPU.Build.0 = Debug|Any CPU
		{518B064A-68EB-4C75-9CD0-84B17327EB1D}.Debug|x64.ActiveCfg = Debug|Any CPU
		{518B064A-68EB-4C75-9CD0-84B17327EB1D}.Debug|x64.Build.0 = Debug|Any CPU
		{518B064A-68EB-4C75-9CD0-84B17327EB1D}.Debug|x86.ActiveCfg = Debug|Any CPU
		{518B064A-68EB-4C75-9CD0-84B17327EB1D}.Debug|x86.Build.0 = Debug|Any CPU
		{518B064A-68EB-4C75-9CD0-84B17327EB1D}.Release|Any CPU.ActiveCfg = Release|Any CPU
		{518B064A-68EB-4C75-9CD0-84B17327EB1D}.Release|Any CPU.Build.0 = Release|Any CPU
		{518B064A-68EB-4C75-9CD0-84B17327EB1D}.Release|x64.ActiveCfg = Release|Any CPU
		{518B064A-68EB-4C75-9CD0-84B17327EB1D}.Release|x64.Build.0 = Release|Any CPU
		{518B064A-68EB-4C75-9CD0-84B17327EB1D}.Release|x86.ActiveCfg = Release|Any CPU
		{518B064A-68EB-4C75-9CD0-84B17327EB1D}.Release|x86.Build.0 = Release|Any CPU
		{4550A4F5-EC36-D116-8E36-48C9A0FAAD82}.Debug|Any CPU.ActiveCfg = Debug|Any CPU
		{4550A4F5-EC36-D116-8E36-48C9A0FAAD82}.Debug|Any CPU.Build.0 = Debug|Any CPU
		{4550A4F5-EC36-D116-8E36-48C9A0FAAD82}.Debug|x64.ActiveCfg = Debug|Any CPU
		{4550A4F5-EC36-D116-8E36-48C9A0FAAD82}.Debug|x64.Build.0 = Debug|Any CPU
		{4550A4F5-EC36-D116-8E36-48C9A0FAAD82}.Debug|x86.ActiveCfg = Debug|Any CPU
		{4550A4F5-EC36-D116-8E36-48C9A0FAAD82}.Debug|x86.Build.0 = Debug|Any CPU
		{4550A4F5-EC36-D116-8E36-48C9A0FAAD82}.Release|Any CPU.ActiveCfg = Release|Any CPU
		{4550A4F5-EC36-D116-8E36-48C9A0FAAD82}.Release|Any CPU.Build.0 = Release|Any CPU
		{4550A4F5-EC36-D116-8E36-48C9A0FAAD82}.Release|x64.ActiveCfg = Release|Any CPU
		{4550A4F5-EC36-D116-8E36-48C9A0FAAD82}.Release|x64.Build.0 = Release|Any CPU
		{4550A4F5-EC36-D116-8E36-48C9A0FAAD82}.Release|x86.ActiveCfg = Release|Any CPU
		{4550A4F5-EC36-D116-8E36-48C9A0FAAD82}.Release|x86.Build.0 = Release|Any CPU
		{A376AC11-FD6F-4E89-A318-0CE771BFCB0E}.Debug|Any CPU.ActiveCfg = Debug|Any CPU
		{A376AC11-FD6F-4E89-A318-0CE771BFCB0E}.Debug|Any CPU.Build.0 = Debug|Any CPU
		{A376AC11-FD6F-4E89-A318-0CE771BFCB0E}.Debug|x64.ActiveCfg = Debug|Any CPU
		{A376AC11-FD6F-4E89-A318-0CE771BFCB0E}.Debug|x64.Build.0 = Debug|Any CPU
		{A376AC11-FD6F-4E89-A318-0CE771BFCB0E}.Debug|x86.ActiveCfg = Debug|Any CPU
		{A376AC11-FD6F-4E89-A318-0CE771BFCB0E}.Debug|x86.Build.0 = Debug|Any CPU
		{A376AC11-FD6F-4E89-A318-0CE771BFCB0E}.Release|Any CPU.ActiveCfg = Release|Any CPU
		{A376AC11-FD6F-4E89-A318-0CE771BFCB0E}.Release|Any CPU.Build.0 = Release|Any CPU
		{A376AC11-FD6F-4E89-A318-0CE771BFCB0E}.Release|x64.ActiveCfg = Release|Any CPU
		{A376AC11-FD6F-4E89-A318-0CE771BFCB0E}.Release|x64.Build.0 = Release|Any CPU
		{A376AC11-FD6F-4E89-A318-0CE771BFCB0E}.Release|x86.ActiveCfg = Release|Any CPU
		{A376AC11-FD6F-4E89-A318-0CE771BFCB0E}.Release|x86.Build.0 = Release|Any CPU
	EndGlobalSection
	GlobalSection(SolutionProperties) = preSolution
		HideSolutionNode = FALSE
	EndGlobalSection
	GlobalSection(ExtensibilityGlobals) = postSolution
		SolutionGuid = {0847561B-A643-4E2B-865D-CDD6EED88127}
	EndGlobalSection
EndGlobal
