Microsoft Visual Studio Solution File, Format Version 12.00
# Visual Studio Version 17
VisualStudioVersion = 17.5.2.0
MinimumVisualStudioVersion = 10.0.40219.1
Project("{2150E333-8FDC-42A3-9474-1A3956D46DE8}") = "src", "src", "{827E0CD3-B72D-47B6-A68D-7590B98EB39B}"
EndProject
Project("{FAE04EC0-301F-11D3-BF4B-00C04F79EFBC}") = "MsAppToolkit", "src\MsAppToolkit\MsAppToolkit.csproj", "{514E2039-0B6B-D731-10BD-5DF450A4D14A}"
EndProject
Project("{FAE04EC0-301F-11D3-BF4B-00C04F79EFBC}") = "MsAppYamlCli", "src\MsAppYamlCli\MsAppYamlCli.csproj", "{8E7B8A27-58FC-4D62-9AF4-6A901E1E7D11}"
EndProject
Global
	GlobalSection(SolutionConfigurationPlatforms) = preSolution
		Debug|Any CPU = Debug|Any CPU
		Release|Any CPU = Release|Any CPU
	EndGlobalSection
	GlobalSection(ProjectConfigurationPlatforms) = postSolution
		{514E2039-0B6B-D731-10BD-5DF450A4D14A}.Debug|Any CPU.ActiveCfg = Debug|Any CPU
		{514E2039-0B6B-D731-10BD-5DF450A4D14A}.Debug|Any CPU.Build.0 = Debug|Any CPU
		{514E2039-0B6B-D731-10BD-5DF450A4D14A}.Release|Any CPU.ActiveCfg = Release|Any CPU
		{514E2039-0B6B-D731-10BD-5DF450A4D14A}.Release|Any CPU.Build.0 = Release|Any CPU
		{8E7B8A27-58FC-4D62-9AF4-6A901E1E7D11}.Debug|Any CPU.ActiveCfg = Debug|Any CPU
		{8E7B8A27-58FC-4D62-9AF4-6A901E1E7D11}.Debug|Any CPU.Build.0 = Debug|Any CPU
		{8E7B8A27-58FC-4D62-9AF4-6A901E1E7D11}.Release|Any CPU.ActiveCfg = Release|Any CPU
		{8E7B8A27-58FC-4D62-9AF4-6A901E1E7D11}.Release|Any CPU.Build.0 = Release|Any CPU
	EndGlobalSection
	GlobalSection(SolutionProperties) = preSolution
		HideSolutionNode = FALSE
	EndGlobalSection
	GlobalSection(NestedProjects) = preSolution
		{514E2039-0B6B-D731-10BD-5DF450A4D14A} = {827E0CD3-B72D-47B6-A68D-7590B98EB39B}
		{8E7B8A27-58FC-4D62-9AF4-6A901E1E7D11} = {827E0CD3-B72D-47B6-A68D-7590B98EB39B}
	EndGlobalSection
	GlobalSection(ExtensibilityGlobals) = postSolution
		SolutionGuid = {4BCD7A4D-EB49-44D9-AF79-A89F067E105B}
	EndGlobalSection
EndGlobal
